// !$*UTF8*$!
{
	archiveVersion = 1;
	classes = {
	};
	objectVersion = 46;
	objects = {

/* Begin PBXBuildFile section */
		20082E7E1B0B6F540064DDA4 /* TAAdaptiveSpaceItem.m in Sources */ = {isa = PBXBuildFile; fileRef = 20082E7B1B0B6F540064DDA4 /* TAAdaptiveSpaceItem.m */; };
		20082E7F1B0B6F540064DDA4 /* TAAdaptiveSpaceItemView.m in Sources */ = {isa = PBXBuildFile; fileRef = 20082E7D1B0B6F540064DDA4 /* TAAdaptiveSpaceItemView.m */; };
		20082E991B0B8B240064DDA4 /* ASKLineNumberMarker.m in Sources */ = {isa = PBXBuildFile; fileRef = 20082E821B0B8B240064DDA4 /* ASKLineNumberMarker.m */; };
		20082E9A1B0B8B240064DDA4 /* ASKLineNumberView.m in Sources */ = {isa = PBXBuildFile; fileRef = 20082E841B0B8B240064DDA4 /* ASKLineNumberView.m */; };
		20082E9B1B0B8B240064DDA4 /* ASKSyntax+syntaxForType.m in Sources */ = {isa = PBXBuildFile; fileRef = 20082E861B0B8B240064DDA4 /* ASKSyntax+syntaxForType.m */; };
		20082E9C1B0B8B240064DDA4 /* ASKSyntax.m in Sources */ = {isa = PBXBuildFile; fileRef = 20082E881B0B8B240064DDA4 /* ASKSyntax.m */; };
		20082E9D1B0B8B240064DDA4 /* ASKSyntaxViewController.m in Sources */ = {isa = PBXBuildFile; fileRef = 20082E8A1B0B8B240064DDA4 /* ASKSyntaxViewController.m */; };
		20082E9E1B0B8B240064DDA4 /* ASKTypesetter.m in Sources */ = {isa = PBXBuildFile; fileRef = 20082E8C1B0B8B240064DDA4 /* ASKTypesetter.m */; };
		20082E9F1B0B8B240064DDA4 /* NSArray+Color.m in Sources */ = {isa = PBXBuildFile; fileRef = 20082E8E1B0B8B240064DDA4 /* NSArray+Color.m */; };
		20082EA01B0B8B240064DDA4 /* NSScanner+SkipUpToCharset.m in Sources */ = {isa = PBXBuildFile; fileRef = 20082E901B0B8B240064DDA4 /* NSScanner+SkipUpToCharset.m */; };
		20082EA11B0B8B240064DDA4 /* NSTextView+SyntaxKit.m in Sources */ = {isa = PBXBuildFile; fileRef = 20082E921B0B8B240064DDA4 /* NSTextView+SyntaxKit.m */; };
		20082EA21B0B8B240064DDA4 /* SyntaxKit.m in Sources */ = {isa = PBXBuildFile; fileRef = 20082E951B0B8B240064DDA4 /* SyntaxKit.m */; };
		20082EA31B0B8B240064DDA4 /* TDBindings.m in Sources */ = {isa = PBXBuildFile; fileRef = 20082E971B0B8B240064DDA4 /* TDBindings.m */; };
		20082EAF1B0B8B310064DDA4 /* SyntaxColorDefaults.plist in Resources */ = {isa = PBXBuildFile; fileRef = 20082EA91B0B8B310064DDA4 /* SyntaxColorDefaults.plist */; };
		20082EB51B0B91CA0064DDA4 /* Syntax Definitions in Resources */ = {isa = PBXBuildFile; fileRef = 20082EB41B0B91CA0064DDA4 /* Syntax Definitions */; };
		200B7C531B178765005D64B1 /* KDETypeTableCellView.m in Sources */ = {isa = PBXBuildFile; fileRef = 200B7C521B178765005D64B1 /* KDETypeTableCellView.m */; };
		200CD8AE1B1A618800312847 /* KDEOutputView.m in Sources */ = {isa = PBXBuildFile; fileRef = 200CD8AD1B1A618800312847 /* KDEOutputView.m */; };
		200CD8BF1B1A621A00312847 /* KDEOutputCommand.m in Sources */ = {isa = PBXBuildFile; fileRef = 200CD8BA1B1A621A00312847 /* KDEOutputCommand.m */; };
		200CD8C01B1A621A00312847 /* KDEOutputDrawSettings.m in Sources */ = {isa = PBXBuildFile; fileRef = 200CD8BC1B1A621A00312847 /* KDEOutputDrawSettings.m */; };
		200CD8C11B1A621A00312847 /* KDEOutputDrawTextCommand.m in Sources */ = {isa = PBXBuildFile; fileRef = 200CD8BE1B1A621A00312847 /* KDEOutputDrawTextCommand.m */; };
		200CD8C41B1A640B00312847 /* KDEOutputDrawPathCommand.m in Sources */ = {isa = PBXBuildFile; fileRef = 200CD8C31B1A640B00312847 /* KDEOutputDrawPathCommand.m */; };
		201551251B0E168B00A008F4 /* KDEDocumentTracker.m in Sources */ = {isa = PBXBuildFile; fileRef = 201551241B0E168B00A008F4 /* KDEDocumentTracker.m */; };
		203D568C1B0A55EE00A7779E /* main.m in Sources */ = {isa = PBXBuildFile; fileRef = 203D568B1B0A55EE00A7779E /* main.m */; };
		203D568E1B0A55EE00A7779E /* Images.xcassets in Resources */ = {isa = PBXBuildFile; fileRef = 203D568D1B0A55EE00A7779E /* Images.xcassets */; };
		203D56911B0A55EE00A7779E /* MainMenu.xib in Resources */ = {isa = PBXBuildFile; fileRef = 203D568F1B0A55EE00A7779E /* MainMenu.xib */; };
		203D569D1B0A55EE00A7779E /* Py80Tests.m in Sources */ = {isa = PBXBuildFile; fileRef = 203D569C1B0A55EE00A7779E /* Py80Tests.m */; };
		203D56A71B0A57BC00A7779E /* Python.framework in Frameworks */ = {isa = PBXBuildFile; fileRef = 203D56A61B0A57BC00A7779E /* Python.framework */; };
		203D56AB1B0A610D00A7779E /* AppDelegate.m in Sources */ = {isa = PBXBuildFile; fileRef = 203D56AA1B0A610D00A7779E /* AppDelegate.m */; };
		203D56AE1B0A649D00A7779E /* KDEPythonLoader.py in Resources */ = {isa = PBXBuildFile; fileRef = 203D56AD1B0A649D00A7779E /* KDEPythonLoader.py */; };
		203D56B31B0A716000A7779E /* Default.py in Resources */ = {isa = PBXBuildFile; fileRef = 203D56B21B0A716000A7779E /* Default.py */; };
		208808171B14FBBD003AA9DE /* jedi in Resources */ = {isa = PBXBuildFile; fileRef = 208808161B14FBBD003AA9DE /* jedi */; };
		208808191B150944003AA9DE /* py80 in Resources */ = {isa = PBXBuildFile; fileRef = 208808181B150944003AA9DE /* py80 */; };
		208D43051B162CB80004898F /* KDEPyCompletion.m in Sources */ = {isa = PBXBuildFile; fileRef = 208D43041B162CB80004898F /* KDEPyCompletion.m */; };
		208D43081B1635200004898F /* KDEPyCallSignature.m in Sources */ = {isa = PBXBuildFile; fileRef = 208D43071B1635200004898F /* KDEPyCallSignature.m */; };
		208D430C1B1646D80004898F /* KDECompletionWindowController.m in Sources */ = {isa = PBXBuildFile; fileRef = 208D430B1B1646D80004898F /* KDECompletionWindowController.m */; };
		208D430F1B1668B70004898F /* KDEWindow.m in Sources */ = {isa = PBXBuildFile; fileRef = 208D430E1B1668B70004898F /* KDEWindow.m */; };
		208D43121B1688240004898F /* KDETextView.m in Sources */ = {isa = PBXBuildFile; fileRef = 208D43111B1688240004898F /* KDETextView.m */; };
		20A6E9801B0FC128005658C3 /* KDEExceptionView.m in Sources */ = {isa = PBXBuildFile; fileRef = 20A6E97F1B0FC128005658C3 /* KDEExceptionView.m */; };
		20A6E9861B0FD886005658C3 /* KDEPy80Context.m in Sources */ = {isa = PBXBuildFile; fileRef = 20A6E9831B0FD886005658C3 /* KDEPy80Context.m */; };
		20A6E9871B0FD886005658C3 /* KDEPython.m in Sources */ = {isa = PBXBuildFile; fileRef = 20A6E9851B0FD886005658C3 /* KDEPython.m */; };
		20A6E98A1B0FD9C8005658C3 /* KDEExceptionFormatter.m in Sources */ = {isa = PBXBuildFile; fileRef = 20A6E9891B0FD9C8005658C3 /* KDEExceptionFormatter.m */; };
		20E00E631B1D194600B94595 /* KDEPyException.m in Sources */ = {isa = PBXBuildFile; fileRef = 20E00E621B1D194600B94595 /* KDEPyException.m */; };
		20F160A21B1790DC00398B70 /* KDECompletionTableRowView.m in Sources */ = {isa = PBXBuildFile; fileRef = 20F160A11B1790DC00398B70 /* KDECompletionTableRowView.m */; };
		20F160A51B17938800398B70 /* KDECompletionTableCellView.m in Sources */ = {isa = PBXBuildFile; fileRef = 20F160A41B17938800398B70 /* KDECompletionTableCellView.m */; };
		20F4A51F1B20A690000BCECF /* Preferences.xib in Resources */ = {isa = PBXBuildFile; fileRef = 20F4A51D1B20A690000BCECF /* Preferences.xib */; };
		20F4A5221B20A847000BCECF /* KDEPreferencesWindowController.m in Sources */ = {isa = PBXBuildFile; fileRef = 20F4A5211B20A847000BCECF /* KDEPreferencesWindowController.m */; };
		20F4A5251B20AB33000BCECF /* KDEPreferencesGeneralViewController.m in Sources */ = {isa = PBXBuildFile; fileRef = 20F4A5241B20AB33000BCECF /* KDEPreferencesGeneralViewController.m */; };
		20F4A5291B20AB49000BCECF /* KDEPreferencesThemeViewController.m in Sources */ = {isa = PBXBuildFile; fileRef = 20F4A5271B20AB49000BCECF /* KDEPreferencesThemeViewController.m */; };
		20F4A5311B20AF49000BCECF /* KDETheme.m in Sources */ = {isa = PBXBuildFile; fileRef = 20F4A5301B20AF49000BCECF /* KDETheme.m */; };
		20F4A5341B20AF53000BCECF /* KDEThemeItem.m in Sources */ = {isa = PBXBuildFile; fileRef = 20F4A5331B20AF53000BCECF /* KDEThemeItem.m */; };
		20F4A5391B20EF08000BCECF /* KDEPy80Preferences.m in Sources */ = {isa = PBXBuildFile; fileRef = 20F4A5381B20EF08000BCECF /* KDEPy80Preferences.m */; };
		20F4A53B1B210935000BCECF /* Themes in Resources */ = {isa = PBXBuildFile; fileRef = 20F4A53A1B210935000BCECF /* Themes */; };
		20F58F561B1F5E23003E984C /* KDEPyProfilerStat.m in Sources */ = {isa = PBXBuildFile; fileRef = 20F58F551B1F5E23003E984C /* KDEPyProfilerStat.m */; };
		20F58F5C1B1F6E26003E984C /* KDEProfilerViewController.xib in Resources */ = {isa = PBXBuildFile; fileRef = 20F58F5A1B1F6E26003E984C /* KDEProfilerViewController.xib */; };
		20F58F5F1B1F6E41003E984C /* KDEProfilerViewController.m in Sources */ = {isa = PBXBuildFile; fileRef = 20F58F5E1B1F6E41003E984C /* KDEProfilerViewController.m */; };
		20F58F631B1F7150003E984C /* KDEMainViewController.m in Sources */ = {isa = PBXBuildFile; fileRef = 20F58F611B1F7150003E984C /* KDEMainViewController.m */; };
		20F84EA21B18C3F1002D8116 /* NSString+PythonRangeUtils.m in Sources */ = {isa = PBXBuildFile; fileRef = 20F84E9E1B18C3F1002D8116 /* NSString+PythonRangeUtils.m */; };
		20F84EA31B18C3F1002D8116 /* NSCharacterSet+PythonSets.m in Sources */ = {isa = PBXBuildFile; fileRef = 20F84E9F1B18C3F1002D8116 /* NSCharacterSet+PythonSets.m */; };
		20F84EA91B18C427002D8116 /* NSString+CursorPosition.m in Sources */ = {isa = PBXBuildFile; fileRef = 20F84EA61B18C427002D8116 /* NSString+CursorPosition.m */; };
		20F84EAA1B18C427002D8116 /* NSString+RangeUtils.m in Sources */ = {isa = PBXBuildFile; fileRef = 20F84EA81B18C427002D8116 /* NSString+RangeUtils.m */; };
		20F8ED3C1B1B3F9F00DA11C3 /* KDEImageStore.m in Sources */ = {isa = PBXBuildFile; fileRef = 20F8ED3B1B1B3F9F00DA11C3 /* KDEImageStore.m */; };
		20F8ED3F1B1B455A00DA11C3 /* KDEOutputDrawImageCommand.m in Sources */ = {isa = PBXBuildFile; fileRef = 20F8ED3E1B1B455A00DA11C3 /* KDEOutputDrawImageCommand.m */; };
		20F9B8351B25DF0F00DBBD4C /* KDETokenizePhase.m in Sources */ = {isa = PBXBuildFile; fileRef = 20F9B8341B25DF0F00DBBD4C /* KDETokenizePhase.m */; };
		20F9B8381B25E94E00DBBD4C /* KDETimer.m in Sources */ = {isa = PBXBuildFile; fileRef = 20F9B8371B25E94E00DBBD4C /* KDETimer.m */; };
		20F9B83B1B26021300DBBD4C /* KDEPyTokenizer.m in Sources */ = {isa = PBXBuildFile; fileRef = 20F9B83A1B26021300DBBD4C /* KDEPyTokenizer.m */; };
		20F9C3041B21DF0F00694678 /* KDEConsoleViewController.m in Sources */ = {isa = PBXBuildFile; fileRef = 20F9C3031B21DF0F00694678 /* KDEConsoleViewController.m */; };
		20F9C3071B21E1AC00694678 /* KDEConsoleLog.m in Sources */ = {isa = PBXBuildFile; fileRef = 20F9C3061B21E1AC00694678 /* KDEConsoleLog.m */; };
		20FAC2A01B24E2EB000B550D /* KDETokenizer.m in Sources */ = {isa = PBXBuildFile; fileRef = 20FAC29F1B24E2EB000B550D /* KDETokenizer.m */; };
		20FAC2A31B24E84F000B550D /* KDEToken.m in Sources */ = {isa = PBXBuildFile; fileRef = 20FAC2A21B24E84F000B550D /* KDEToken.m */; };
		20FAC2A51B24F072000B550D /* KDETokenizerTests.m in Sources */ = {isa = PBXBuildFile; fileRef = 20FAC2A41B24F072000B550D /* KDETokenizerTests.m */; };
/* End PBXBuildFile section */

/* Begin PBXContainerItemProxy section */
		203D56971B0A55EE00A7779E /* PBXContainerItemProxy */ = {
			isa = PBXContainerItemProxy;
			containerPortal = 203D567B1B0A55EE00A7779E /* Project object */;
			proxyType = 1;
			remoteGlobalIDString = 203D56821B0A55EE00A7779E;
			remoteInfo = Py80;
		};
/* End PBXContainerItemProxy section */

/* Begin PBXFileReference section */
		20082E7A1B0B6F540064DDA4 /* TAAdaptiveSpaceItem.h */ = {isa = PBXFileReference; fileEncoding = 4; lastKnownFileType = sourcecode.c.h; path = TAAdaptiveSpaceItem.h; sourceTree = "<group>"; };
		20082E7B1B0B6F540064DDA4 /* TAAdaptiveSpaceItem.m */ = {isa = PBXFileReference; fileEncoding = 4; lastKnownFileType = sourcecode.c.objc; path = TAAdaptiveSpaceItem.m; sourceTree = "<group>"; };
		20082E7C1B0B6F540064DDA4 /* TAAdaptiveSpaceItemView.h */ = {isa = PBXFileReference; fileEncoding = 4; lastKnownFileType = sourcecode.c.h; path = TAAdaptiveSpaceItemView.h; sourceTree = "<group>"; };
		20082E7D1B0B6F540064DDA4 /* TAAdaptiveSpaceItemView.m */ = {isa = PBXFileReference; fileEncoding = 4; lastKnownFileType = sourcecode.c.objc; path = TAAdaptiveSpaceItemView.m; sourceTree = "<group>"; };
		20082E811B0B8B240064DDA4 /* ASKLineNumberMarker.h */ = {isa = PBXFileReference; fileEncoding = 4; lastKnownFileType = sourcecode.c.h; path = ASKLineNumberMarker.h; sourceTree = "<group>"; };
		20082E821B0B8B240064DDA4 /* ASKLineNumberMarker.m */ = {isa = PBXFileReference; fileEncoding = 4; lastKnownFileType = sourcecode.c.objc; path = ASKLineNumberMarker.m; sourceTree = "<group>"; };
		20082E831B0B8B240064DDA4 /* ASKLineNumberView.h */ = {isa = PBXFileReference; fileEncoding = 4; lastKnownFileType = sourcecode.c.h; path = ASKLineNumberView.h; sourceTree = "<group>"; };
		20082E841B0B8B240064DDA4 /* ASKLineNumberView.m */ = {isa = PBXFileReference; fileEncoding = 4; lastKnownFileType = sourcecode.c.objc; path = ASKLineNumberView.m; sourceTree = "<group>"; };
		20082E851B0B8B240064DDA4 /* ASKSyntax+syntaxForType.h */ = {isa = PBXFileReference; fileEncoding = 4; lastKnownFileType = sourcecode.c.h; path = "ASKSyntax+syntaxForType.h"; sourceTree = "<group>"; };
		20082E861B0B8B240064DDA4 /* ASKSyntax+syntaxForType.m */ = {isa = PBXFileReference; fileEncoding = 4; lastKnownFileType = sourcecode.c.objc; path = "ASKSyntax+syntaxForType.m"; sourceTree = "<group>"; };
		20082E871B0B8B240064DDA4 /* ASKSyntax.h */ = {isa = PBXFileReference; fileEncoding = 4; lastKnownFileType = sourcecode.c.h; path = ASKSyntax.h; sourceTree = "<group>"; };
		20082E881B0B8B240064DDA4 /* ASKSyntax.m */ = {isa = PBXFileReference; fileEncoding = 4; lastKnownFileType = sourcecode.c.objc; path = ASKSyntax.m; sourceTree = "<group>"; };
		20082E891B0B8B240064DDA4 /* ASKSyntaxViewController.h */ = {isa = PBXFileReference; fileEncoding = 4; lastKnownFileType = sourcecode.c.h; path = ASKSyntaxViewController.h; sourceTree = "<group>"; };
		20082E8A1B0B8B240064DDA4 /* ASKSyntaxViewController.m */ = {isa = PBXFileReference; fileEncoding = 4; lastKnownFileType = sourcecode.c.objc; path = ASKSyntaxViewController.m; sourceTree = "<group>"; };
		20082E8B1B0B8B240064DDA4 /* ASKTypesetter.h */ = {isa = PBXFileReference; fileEncoding = 4; lastKnownFileType = sourcecode.c.h; path = ASKTypesetter.h; sourceTree = "<group>"; };
		20082E8C1B0B8B240064DDA4 /* ASKTypesetter.m */ = {isa = PBXFileReference; fileEncoding = 4; lastKnownFileType = sourcecode.c.objc; path = ASKTypesetter.m; sourceTree = "<group>"; };
		20082E8D1B0B8B240064DDA4 /* NSArray+Color.h */ = {isa = PBXFileReference; fileEncoding = 4; lastKnownFileType = sourcecode.c.h; path = "NSArray+Color.h"; sourceTree = "<group>"; };
		20082E8E1B0B8B240064DDA4 /* NSArray+Color.m */ = {isa = PBXFileReference; fileEncoding = 4; lastKnownFileType = sourcecode.c.objc; path = "NSArray+Color.m"; sourceTree = "<group>"; };
		20082E8F1B0B8B240064DDA4 /* NSScanner+SkipUpToCharset.h */ = {isa = PBXFileReference; fileEncoding = 4; lastKnownFileType = sourcecode.c.h; path = "NSScanner+SkipUpToCharset.h"; sourceTree = "<group>"; };
		20082E901B0B8B240064DDA4 /* NSScanner+SkipUpToCharset.m */ = {isa = PBXFileReference; fileEncoding = 4; lastKnownFileType = sourcecode.c.objc; path = "NSScanner+SkipUpToCharset.m"; sourceTree = "<group>"; };
		20082E911B0B8B240064DDA4 /* NSTextView+SyntaxKit.h */ = {isa = PBXFileReference; fileEncoding = 4; lastKnownFileType = sourcecode.c.h; path = "NSTextView+SyntaxKit.h"; sourceTree = "<group>"; };
		20082E921B0B8B240064DDA4 /* NSTextView+SyntaxKit.m */ = {isa = PBXFileReference; fileEncoding = 4; lastKnownFileType = sourcecode.c.objc; path = "NSTextView+SyntaxKit.m"; sourceTree = "<group>"; };
		20082E941B0B8B240064DDA4 /* SyntaxKit.h */ = {isa = PBXFileReference; fileEncoding = 4; lastKnownFileType = sourcecode.c.h; path = SyntaxKit.h; sourceTree = "<group>"; };
		20082E951B0B8B240064DDA4 /* SyntaxKit.m */ = {isa = PBXFileReference; fileEncoding = 4; lastKnownFileType = sourcecode.c.objc; path = SyntaxKit.m; sourceTree = "<group>"; };
		20082E961B0B8B240064DDA4 /* TDBindings.h */ = {isa = PBXFileReference; fileEncoding = 4; lastKnownFileType = sourcecode.c.h; path = TDBindings.h; sourceTree = "<group>"; };
		20082E971B0B8B240064DDA4 /* TDBindings.m */ = {isa = PBXFileReference; fileEncoding = 4; lastKnownFileType = sourcecode.c.objc; path = TDBindings.m; sourceTree = "<group>"; };
		20082E981B0B8B240064DDA4 /* UKHelperMacros.h */ = {isa = PBXFileReference; fileEncoding = 4; lastKnownFileType = sourcecode.c.h; path = UKHelperMacros.h; sourceTree = "<group>"; };
		20082EA91B0B8B310064DDA4 /* SyntaxColorDefaults.plist */ = {isa = PBXFileReference; fileEncoding = 4; lastKnownFileType = text.plist.xml; path = SyntaxColorDefaults.plist; sourceTree = "<group>"; };
		20082EB11B0B8D570064DDA4 /* Py80.pch */ = {isa = PBXFileReference; lastKnownFileType = sourcecode.c.h; path = Py80.pch; sourceTree = "<group>"; };
		20082EB41B0B91CA0064DDA4 /* Syntax Definitions */ = {isa = PBXFileReference; lastKnownFileType = folder; path = "Syntax Definitions"; sourceTree = "<group>"; };
		200B7C511B178765005D64B1 /* KDETypeTableCellView.h */ = {isa = PBXFileReference; fileEncoding = 4; lastKnownFileType = sourcecode.c.h; path = KDETypeTableCellView.h; sourceTree = "<group>"; };
		200B7C521B178765005D64B1 /* KDETypeTableCellView.m */ = {isa = PBXFileReference; fileEncoding = 4; lastKnownFileType = sourcecode.c.objc; path = KDETypeTableCellView.m; sourceTree = "<group>"; };
		200CD8AC1B1A618800312847 /* KDEOutputView.h */ = {isa = PBXFileReference; fileEncoding = 4; lastKnownFileType = sourcecode.c.h; path = KDEOutputView.h; sourceTree = "<group>"; };
		200CD8AD1B1A618800312847 /* KDEOutputView.m */ = {isa = PBXFileReference; fileEncoding = 4; lastKnownFileType = sourcecode.c.objc; path = KDEOutputView.m; sourceTree = "<group>"; };
		200CD8B91B1A621A00312847 /* KDEOutputCommand.h */ = {isa = PBXFileReference; fileEncoding = 4; lastKnownFileType = sourcecode.c.h; path = KDEOutputCommand.h; sourceTree = "<group>"; };
		200CD8BA1B1A621A00312847 /* KDEOutputCommand.m */ = {isa = PBXFileReference; fileEncoding = 4; lastKnownFileType = sourcecode.c.objc; path = KDEOutputCommand.m; sourceTree = "<group>"; };
		200CD8BB1B1A621A00312847 /* KDEOutputDrawSettings.h */ = {isa = PBXFileReference; fileEncoding = 4; lastKnownFileType = sourcecode.c.h; path = KDEOutputDrawSettings.h; sourceTree = "<group>"; };
		200CD8BC1B1A621A00312847 /* KDEOutputDrawSettings.m */ = {isa = PBXFileReference; fileEncoding = 4; lastKnownFileType = sourcecode.c.objc; path = KDEOutputDrawSettings.m; sourceTree = "<group>"; };
		200CD8BD1B1A621A00312847 /* KDEOutputDrawTextCommand.h */ = {isa = PBXFileReference; fileEncoding = 4; lastKnownFileType = sourcecode.c.h; path = KDEOutputDrawTextCommand.h; sourceTree = "<group>"; };
		200CD8BE1B1A621A00312847 /* KDEOutputDrawTextCommand.m */ = {isa = PBXFileReference; fileEncoding = 4; lastKnownFileType = sourcecode.c.objc; path = KDEOutputDrawTextCommand.m; sourceTree = "<group>"; };
		200CD8C21B1A640B00312847 /* KDEOutputDrawPathCommand.h */ = {isa = PBXFileReference; fileEncoding = 4; lastKnownFileType = sourcecode.c.h; path = KDEOutputDrawPathCommand.h; sourceTree = "<group>"; };
		200CD8C31B1A640B00312847 /* KDEOutputDrawPathCommand.m */ = {isa = PBXFileReference; fileEncoding = 4; lastKnownFileType = sourcecode.c.objc; path = KDEOutputDrawPathCommand.m; sourceTree = "<group>"; };
		201551231B0E168B00A008F4 /* KDEDocumentTracker.h */ = {isa = PBXFileReference; fileEncoding = 4; lastKnownFileType = sourcecode.c.h; path = KDEDocumentTracker.h; sourceTree = "<group>"; };
		201551241B0E168B00A008F4 /* KDEDocumentTracker.m */ = {isa = PBXFileReference; fileEncoding = 4; lastKnownFileType = sourcecode.c.objc; path = KDEDocumentTracker.m; sourceTree = "<group>"; };
		203D56831B0A55EE00A7779E /* Py80.app */ = {isa = PBXFileReference; explicitFileType = wrapper.application; includeInIndex = 0; path = Py80.app; sourceTree = BUILT_PRODUCTS_DIR; };
		203D56871B0A55EE00A7779E /* Info.plist */ = {isa = PBXFileReference; lastKnownFileType = text.plist.xml; path = Info.plist; sourceTree = "<group>"; };
		203D568B1B0A55EE00A7779E /* main.m */ = {isa = PBXFileReference; lastKnownFileType = sourcecode.c.objc; path = main.m; sourceTree = "<group>"; };
		203D568D1B0A55EE00A7779E /* Images.xcassets */ = {isa = PBXFileReference; lastKnownFileType = folder.assetcatalog; path = Images.xcassets; sourceTree = "<group>"; };
		203D56901B0A55EE00A7779E /* Base */ = {isa = PBXFileReference; lastKnownFileType = file.xib; name = Base; path = Base.lproj/MainMenu.xib; sourceTree = "<group>"; };
		203D56961B0A55EE00A7779E /* Py80Tests.xctest */ = {isa = PBXFileReference; explicitFileType = wrapper.cfbundle; includeInIndex = 0; path = Py80Tests.xctest; sourceTree = BUILT_PRODUCTS_DIR; };
		203D569B1B0A55EE00A7779E /* Info.plist */ = {isa = PBXFileReference; lastKnownFileType = text.plist.xml; path = Info.plist; sourceTree = "<group>"; };
		203D569C1B0A55EE00A7779E /* Py80Tests.m */ = {isa = PBXFileReference; lastKnownFileType = sourcecode.c.objc; path = Py80Tests.m; sourceTree = "<group>"; };
		203D56A61B0A57BC00A7779E /* Python.framework */ = {isa = PBXFileReference; lastKnownFileType = wrapper.framework; name = Python.framework; path = System/Library/Frameworks/Python.framework; sourceTree = SDKROOT; };
		203D56A91B0A610D00A7779E /* AppDelegate.h */ = {isa = PBXFileReference; fileEncoding = 4; lastKnownFileType = sourcecode.c.h; path = AppDelegate.h; sourceTree = "<group>"; };
		203D56AA1B0A610D00A7779E /* AppDelegate.m */ = {isa = PBXFileReference; fileEncoding = 4; lastKnownFileType = sourcecode.c.objc; path = AppDelegate.m; sourceTree = "<group>"; };
		203D56AD1B0A649D00A7779E /* KDEPythonLoader.py */ = {isa = PBXFileReference; explicitFileType = text.script.python; fileEncoding = 4; path = KDEPythonLoader.py; sourceTree = "<group>"; };
		203D56B21B0A716000A7779E /* Default.py */ = {isa = PBXFileReference; fileEncoding = 4; lastKnownFileType = text.script.python; path = Default.py; sourceTree = "<group>"; };
		208808161B14FBBD003AA9DE /* jedi */ = {isa = PBXFileReference; lastKnownFileType = folder; path = jedi; sourceTree = "<group>"; };
		208808181B150944003AA9DE /* py80 */ = {isa = PBXFileReference; lastKnownFileType = folder; path = py80; sourceTree = "<group>"; };
		208D43031B162CB80004898F /* KDEPyCompletion.h */ = {isa = PBXFileReference; fileEncoding = 4; lastKnownFileType = sourcecode.c.h; path = KDEPyCompletion.h; sourceTree = "<group>"; };
		208D43041B162CB80004898F /* KDEPyCompletion.m */ = {isa = PBXFileReference; fileEncoding = 4; lastKnownFileType = sourcecode.c.objc; path = KDEPyCompletion.m; sourceTree = "<group>"; };
		208D43061B1635200004898F /* KDEPyCallSignature.h */ = {isa = PBXFileReference; fileEncoding = 4; lastKnownFileType = sourcecode.c.h; path = KDEPyCallSignature.h; sourceTree = "<group>"; };
		208D43071B1635200004898F /* KDEPyCallSignature.m */ = {isa = PBXFileReference; fileEncoding = 4; lastKnownFileType = sourcecode.c.objc; path = KDEPyCallSignature.m; sourceTree = "<group>"; };
		208D430A1B1646D80004898F /* KDECompletionWindowController.h */ = {isa = PBXFileReference; fileEncoding = 4; lastKnownFileType = sourcecode.c.h; path = KDECompletionWindowController.h; sourceTree = "<group>"; };
		208D430B1B1646D80004898F /* KDECompletionWindowController.m */ = {isa = PBXFileReference; fileEncoding = 4; lastKnownFileType = sourcecode.c.objc; path = KDECompletionWindowController.m; sourceTree = "<group>"; };
		208D430D1B1668B70004898F /* KDEWindow.h */ = {isa = PBXFileReference; fileEncoding = 4; lastKnownFileType = sourcecode.c.h; path = KDEWindow.h; sourceTree = "<group>"; };
		208D430E1B1668B70004898F /* KDEWindow.m */ = {isa = PBXFileReference; fileEncoding = 4; lastKnownFileType = sourcecode.c.objc; path = KDEWindow.m; sourceTree = "<group>"; };
		208D43101B1688240004898F /* KDETextView.h */ = {isa = PBXFileReference; fileEncoding = 4; lastKnownFileType = sourcecode.c.h; path = KDETextView.h; sourceTree = "<group>"; };
		208D43111B1688240004898F /* KDETextView.m */ = {isa = PBXFileReference; fileEncoding = 4; lastKnownFileType = sourcecode.c.objc; path = KDETextView.m; sourceTree = "<group>"; };
		208D43131B168B380004898F /* VKConsts.h */ = {isa = PBXFileReference; fileEncoding = 4; lastKnownFileType = sourcecode.c.h; path = VKConsts.h; sourceTree = "<group>"; };
		20A6E97E1B0FC128005658C3 /* KDEExceptionView.h */ = {isa = PBXFileReference; fileEncoding = 4; lastKnownFileType = sourcecode.c.h; path = KDEExceptionView.h; sourceTree = "<group>"; };
		20A6E97F1B0FC128005658C3 /* KDEExceptionView.m */ = {isa = PBXFileReference; fileEncoding = 4; lastKnownFileType = sourcecode.c.objc; path = KDEExceptionView.m; sourceTree = "<group>"; };
		20A6E9821B0FD886005658C3 /* KDEPy80Context.h */ = {isa = PBXFileReference; fileEncoding = 4; lastKnownFileType = sourcecode.c.h; path = KDEPy80Context.h; sourceTree = "<group>"; };
		20A6E9831B0FD886005658C3 /* KDEPy80Context.m */ = {isa = PBXFileReference; fileEncoding = 4; lastKnownFileType = sourcecode.c.objc; path = KDEPy80Context.m; sourceTree = "<group>"; };
		20A6E9841B0FD886005658C3 /* KDEPython.h */ = {isa = PBXFileReference; fileEncoding = 4; lastKnownFileType = sourcecode.c.h; path = KDEPython.h; sourceTree = "<group>"; };
		20A6E9851B0FD886005658C3 /* KDEPython.m */ = {isa = PBXFileReference; fileEncoding = 4; lastKnownFileType = sourcecode.c.objc; path = KDEPython.m; sourceTree = "<group>"; };
		20A6E9881B0FD9C8005658C3 /* KDEExceptionFormatter.h */ = {isa = PBXFileReference; fileEncoding = 4; lastKnownFileType = sourcecode.c.h; path = KDEExceptionFormatter.h; sourceTree = "<group>"; };
		20A6E9891B0FD9C8005658C3 /* KDEExceptionFormatter.m */ = {isa = PBXFileReference; fileEncoding = 4; lastKnownFileType = sourcecode.c.objc; path = KDEExceptionFormatter.m; sourceTree = "<group>"; };
		20E00E611B1D194600B94595 /* KDEPyException.h */ = {isa = PBXFileReference; fileEncoding = 4; lastKnownFileType = sourcecode.c.h; path = KDEPyException.h; sourceTree = "<group>"; };
		20E00E621B1D194600B94595 /* KDEPyException.m */ = {isa = PBXFileReference; fileEncoding = 4; lastKnownFileType = sourcecode.c.objc; path = KDEPyException.m; sourceTree = "<group>"; };
		20F160A01B1790DC00398B70 /* KDECompletionTableRowView.h */ = {isa = PBXFileReference; fileEncoding = 4; lastKnownFileType = sourcecode.c.h; path = KDECompletionTableRowView.h; sourceTree = "<group>"; };
		20F160A11B1790DC00398B70 /* KDECompletionTableRowView.m */ = {isa = PBXFileReference; fileEncoding = 4; lastKnownFileType = sourcecode.c.objc; path = KDECompletionTableRowView.m; sourceTree = "<group>"; };
		20F160A31B17938800398B70 /* KDECompletionTableCellView.h */ = {isa = PBXFileReference; fileEncoding = 4; lastKnownFileType = sourcecode.c.h; path = KDECompletionTableCellView.h; sourceTree = "<group>"; };
		20F160A41B17938800398B70 /* KDECompletionTableCellView.m */ = {isa = PBXFileReference; fileEncoding = 4; lastKnownFileType = sourcecode.c.objc; path = KDECompletionTableCellView.m; sourceTree = "<group>"; };
		20F4A51E1B20A690000BCECF /* Base */ = {isa = PBXFileReference; lastKnownFileType = file.xib; name = Base; path = Base.lproj/Preferences.xib; sourceTree = "<group>"; };
		20F4A5201B20A847000BCECF /* KDEPreferencesWindowController.h */ = {isa = PBXFileReference; fileEncoding = 4; lastKnownFileType = sourcecode.c.h; path = KDEPreferencesWindowController.h; sourceTree = "<group>"; };
		20F4A5211B20A847000BCECF /* KDEPreferencesWindowController.m */ = {isa = PBXFileReference; fileEncoding = 4; lastKnownFileType = sourcecode.c.objc; path = KDEPreferencesWindowController.m; sourceTree = "<group>"; };
		20F4A5231B20AB33000BCECF /* KDEPreferencesGeneralViewController.h */ = {isa = PBXFileReference; fileEncoding = 4; lastKnownFileType = sourcecode.c.h; path = KDEPreferencesGeneralViewController.h; sourceTree = "<group>"; };
		20F4A5241B20AB33000BCECF /* KDEPreferencesGeneralViewController.m */ = {isa = PBXFileReference; fileEncoding = 4; lastKnownFileType = sourcecode.c.objc; path = KDEPreferencesGeneralViewController.m; sourceTree = "<group>"; };
		20F4A5261B20AB49000BCECF /* KDEPreferencesThemeViewController.h */ = {isa = PBXFileReference; fileEncoding = 4; lastKnownFileType = sourcecode.c.h; path = KDEPreferencesThemeViewController.h; sourceTree = "<group>"; };
		20F4A5271B20AB49000BCECF /* KDEPreferencesThemeViewController.m */ = {isa = PBXFileReference; fileEncoding = 4; lastKnownFileType = sourcecode.c.objc; path = KDEPreferencesThemeViewController.m; sourceTree = "<group>"; };
		20F4A52F1B20AF49000BCECF /* KDETheme.h */ = {isa = PBXFileReference; fileEncoding = 4; lastKnownFileType = sourcecode.c.h; path = KDETheme.h; sourceTree = "<group>"; };
		20F4A5301B20AF49000BCECF /* KDETheme.m */ = {isa = PBXFileReference; fileEncoding = 4; lastKnownFileType = sourcecode.c.objc; path = KDETheme.m; sourceTree = "<group>"; };
		20F4A5321B20AF53000BCECF /* KDEThemeItem.h */ = {isa = PBXFileReference; fileEncoding = 4; lastKnownFileType = sourcecode.c.h; path = KDEThemeItem.h; sourceTree = "<group>"; };
		20F4A5331B20AF53000BCECF /* KDEThemeItem.m */ = {isa = PBXFileReference; fileEncoding = 4; lastKnownFileType = sourcecode.c.objc; path = KDEThemeItem.m; sourceTree = "<group>"; };
		20F4A5371B20EF08000BCECF /* KDEPy80Preferences.h */ = {isa = PBXFileReference; fileEncoding = 4; lastKnownFileType = sourcecode.c.h; path = KDEPy80Preferences.h; sourceTree = "<group>"; };
		20F4A5381B20EF08000BCECF /* KDEPy80Preferences.m */ = {isa = PBXFileReference; fileEncoding = 4; lastKnownFileType = sourcecode.c.objc; path = KDEPy80Preferences.m; sourceTree = "<group>"; };
		20F4A53A1B210935000BCECF /* Themes */ = {isa = PBXFileReference; lastKnownFileType = folder; path = Themes; sourceTree = "<group>"; };
		20F58F541B1F5E23003E984C /* KDEPyProfilerStat.h */ = {isa = PBXFileReference; fileEncoding = 4; lastKnownFileType = sourcecode.c.h; path = KDEPyProfilerStat.h; sourceTree = "<group>"; };
		20F58F551B1F5E23003E984C /* KDEPyProfilerStat.m */ = {isa = PBXFileReference; fileEncoding = 4; lastKnownFileType = sourcecode.c.objc; path = KDEPyProfilerStat.m; sourceTree = "<group>"; };
		20F58F5B1B1F6E26003E984C /* Base */ = {isa = PBXFileReference; lastKnownFileType = file.xib; name = Base; path = Base.lproj/KDEProfilerViewController.xib; sourceTree = "<group>"; };
		20F58F5D1B1F6E41003E984C /* KDEProfilerViewController.h */ = {isa = PBXFileReference; fileEncoding = 4; lastKnownFileType = sourcecode.c.h; path = KDEProfilerViewController.h; sourceTree = "<group>"; };
		20F58F5E1B1F6E41003E984C /* KDEProfilerViewController.m */ = {isa = PBXFileReference; fileEncoding = 4; lastKnownFileType = sourcecode.c.objc; path = KDEProfilerViewController.m; sourceTree = "<group>"; };
		20F58F601B1F7150003E984C /* KDEMainViewController.h */ = {isa = PBXFileReference; fileEncoding = 4; lastKnownFileType = sourcecode.c.h; path = KDEMainViewController.h; sourceTree = "<group>"; };
		20F58F611B1F7150003E984C /* KDEMainViewController.m */ = {isa = PBXFileReference; fileEncoding = 4; lastKnownFileType = sourcecode.c.objc; path = KDEMainViewController.m; sourceTree = "<group>"; };
		20F84E9E1B18C3F1002D8116 /* NSString+PythonRangeUtils.m */ = {isa = PBXFileReference; fileEncoding = 4; lastKnownFileType = sourcecode.c.objc; path = "NSString+PythonRangeUtils.m"; sourceTree = "<group>"; };
		20F84E9F1B18C3F1002D8116 /* NSCharacterSet+PythonSets.m */ = {isa = PBXFileReference; fileEncoding = 4; lastKnownFileType = sourcecode.c.objc; path = "NSCharacterSet+PythonSets.m"; sourceTree = "<group>"; };
		20F84EA01B18C3F1002D8116 /* NSCharacterSet+PythonSets.h */ = {isa = PBXFileReference; fileEncoding = 4; lastKnownFileType = sourcecode.c.h; path = "NSCharacterSet+PythonSets.h"; sourceTree = "<group>"; };
		20F84EA11B18C3F1002D8116 /* NSString+PythonRangeUtils.h */ = {isa = PBXFileReference; fileEncoding = 4; lastKnownFileType = sourcecode.c.h; path = "NSString+PythonRangeUtils.h"; sourceTree = "<group>"; };
		20F84EA51B18C427002D8116 /* NSString+CursorPosition.h */ = {isa = PBXFileReference; fileEncoding = 4; lastKnownFileType = sourcecode.c.h; path = "NSString+CursorPosition.h"; sourceTree = "<group>"; };
		20F84EA61B18C427002D8116 /* NSString+CursorPosition.m */ = {isa = PBXFileReference; fileEncoding = 4; lastKnownFileType = sourcecode.c.objc; path = "NSString+CursorPosition.m"; sourceTree = "<group>"; };
		20F84EA71B18C427002D8116 /* NSString+RangeUtils.h */ = {isa = PBXFileReference; fileEncoding = 4; lastKnownFileType = sourcecode.c.h; path = "NSString+RangeUtils.h"; sourceTree = "<group>"; };
		20F84EA81B18C427002D8116 /* NSString+RangeUtils.m */ = {isa = PBXFileReference; fileEncoding = 4; lastKnownFileType = sourcecode.c.objc; path = "NSString+RangeUtils.m"; sourceTree = "<group>"; };
		20F8ED3A1B1B3F9F00DA11C3 /* KDEImageStore.h */ = {isa = PBXFileReference; fileEncoding = 4; lastKnownFileType = sourcecode.c.h; path = KDEImageStore.h; sourceTree = "<group>"; };
		20F8ED3B1B1B3F9F00DA11C3 /* KDEImageStore.m */ = {isa = PBXFileReference; fileEncoding = 4; lastKnownFileType = sourcecode.c.objc; path = KDEImageStore.m; sourceTree = "<group>"; };
		20F8ED3D1B1B455A00DA11C3 /* KDEOutputDrawImageCommand.h */ = {isa = PBXFileReference; fileEncoding = 4; lastKnownFileType = sourcecode.c.h; path = KDEOutputDrawImageCommand.h; sourceTree = "<group>"; };
		20F8ED3E1B1B455A00DA11C3 /* KDEOutputDrawImageCommand.m */ = {isa = PBXFileReference; fileEncoding = 4; lastKnownFileType = sourcecode.c.objc; path = KDEOutputDrawImageCommand.m; sourceTree = "<group>"; };
		20F9B8331B25DF0F00DBBD4C /* KDETokenizePhase.h */ = {isa = PBXFileReference; fileEncoding = 4; lastKnownFileType = sourcecode.c.h; path = KDETokenizePhase.h; sourceTree = "<group>"; };
		20F9B8341B25DF0F00DBBD4C /* KDETokenizePhase.m */ = {isa = PBXFileReference; fileEncoding = 4; lastKnownFileType = sourcecode.c.objc; path = KDETokenizePhase.m; sourceTree = "<group>"; };
		20F9B8361B25E94E00DBBD4C /* KDETimer.h */ = {isa = PBXFileReference; fileEncoding = 4; lastKnownFileType = sourcecode.c.h; path = KDETimer.h; sourceTree = "<group>"; };
		20F9B8371B25E94E00DBBD4C /* KDETimer.m */ = {isa = PBXFileReference; fileEncoding = 4; lastKnownFileType = sourcecode.c.objc; path = KDETimer.m; sourceTree = "<group>"; };
		20F9B8391B26021300DBBD4C /* KDEPyTokenizer.h */ = {isa = PBXFileReference; fileEncoding = 4; lastKnownFileType = sourcecode.c.h; path = KDEPyTokenizer.h; sourceTree = "<group>"; };
		20F9B83A1B26021300DBBD4C /* KDEPyTokenizer.m */ = {isa = PBXFileReference; fileEncoding = 4; lastKnownFileType = sourcecode.c.objc; path = KDEPyTokenizer.m; sourceTree = "<group>"; };
		20F9C3021B21DF0F00694678 /* KDEConsoleViewController.h */ = {isa = PBXFileReference; fileEncoding = 4; lastKnownFileType = sourcecode.c.h; path = KDEConsoleViewController.h; sourceTree = "<group>"; };
		20F9C3031B21DF0F00694678 /* KDEConsoleViewController.m */ = {isa = PBXFileReference; fileEncoding = 4; lastKnownFileType = sourcecode.c.objc; path = KDEConsoleViewController.m; sourceTree = "<group>"; };
		20F9C3051B21E1AC00694678 /* KDEConsoleLog.h */ = {isa = PBXFileReference; fileEncoding = 4; lastKnownFileType = sourcecode.c.h; path = KDEConsoleLog.h; sourceTree = "<group>"; };
		20F9C3061B21E1AC00694678 /* KDEConsoleLog.m */ = {isa = PBXFileReference; fileEncoding = 4; lastKnownFileType = sourcecode.c.objc; path = KDEConsoleLog.m; sourceTree = "<group>"; };
		20FAC29E1B24E2EB000B550D /* KDETokenizer.h */ = {isa = PBXFileReference; fileEncoding = 4; lastKnownFileType = sourcecode.c.h; path = KDETokenizer.h; sourceTree = "<group>"; };
		20FAC29F1B24E2EB000B550D /* KDETokenizer.m */ = {isa = PBXFileReference; fileEncoding = 4; lastKnownFileType = sourcecode.c.objc; path = KDETokenizer.m; sourceTree = "<group>"; };
		20FAC2A11B24E84F000B550D /* KDEToken.h */ = {isa = PBXFileReference; fileEncoding = 4; lastKnownFileType = sourcecode.c.h; path = KDEToken.h; sourceTree = "<group>"; };
		20FAC2A21B24E84F000B550D /* KDEToken.m */ = {isa = PBXFileReference; fileEncoding = 4; lastKnownFileType = sourcecode.c.objc; path = KDEToken.m; sourceTree = "<group>"; };
		20FAC2A41B24F072000B550D /* KDETokenizerTests.m */ = {isa = PBXFileReference; fileEncoding = 4; lastKnownFileType = sourcecode.c.objc; path = KDETokenizerTests.m; sourceTree = "<group>"; };
/* End PBXFileReference section */

/* Begin PBXFrameworksBuildPhase section */
		203D56801B0A55EE00A7779E /* Frameworks */ = {
			isa = PBXFrameworksBuildPhase;
			buildActionMask = 2147483647;
			files = (
				203D56A71B0A57BC00A7779E /* Python.framework in Frameworks */,
			);
			runOnlyForDeploymentPostprocessing = 0;
		};
		203D56931B0A55EE00A7779E /* Frameworks */ = {
			isa = PBXFrameworksBuildPhase;
			buildActionMask = 2147483647;
			files = (
			);
			runOnlyForDeploymentPostprocessing = 0;
		};
/* End PBXFrameworksBuildPhase section */

/* Begin PBXGroup section */
		20082E791B0B6F540064DDA4 /* TAAdaptiveSpaceItem */ = {
			isa = PBXGroup;
			children = (
				20082E7A1B0B6F540064DDA4 /* TAAdaptiveSpaceItem.h */,
				20082E7B1B0B6F540064DDA4 /* TAAdaptiveSpaceItem.m */,
				20082E7C1B0B6F540064DDA4 /* TAAdaptiveSpaceItemView.h */,
				20082E7D1B0B6F540064DDA4 /* TAAdaptiveSpaceItemView.m */,
			);
			path = TAAdaptiveSpaceItem;
			sourceTree = "<group>";
		};
		20082E801B0B8B240064DDA4 /* SyntaxKit */ = {
			isa = PBXGroup;
			children = (
				20082E811B0B8B240064DDA4 /* ASKLineNumberMarker.h */,
				20082E821B0B8B240064DDA4 /* ASKLineNumberMarker.m */,
				20082E831B0B8B240064DDA4 /* ASKLineNumberView.h */,
				20082E841B0B8B240064DDA4 /* ASKLineNumberView.m */,
				20082E851B0B8B240064DDA4 /* ASKSyntax+syntaxForType.h */,
				20082E861B0B8B240064DDA4 /* ASKSyntax+syntaxForType.m */,
				20082E871B0B8B240064DDA4 /* ASKSyntax.h */,
				20082E881B0B8B240064DDA4 /* ASKSyntax.m */,
				20082E891B0B8B240064DDA4 /* ASKSyntaxViewController.h */,
				20082E8A1B0B8B240064DDA4 /* ASKSyntaxViewController.m */,
				20082E8B1B0B8B240064DDA4 /* ASKTypesetter.h */,
				20082E8C1B0B8B240064DDA4 /* ASKTypesetter.m */,
				20082E8D1B0B8B240064DDA4 /* NSArray+Color.h */,
				20082E8E1B0B8B240064DDA4 /* NSArray+Color.m */,
				20082E8F1B0B8B240064DDA4 /* NSScanner+SkipUpToCharset.h */,
				20082E901B0B8B240064DDA4 /* NSScanner+SkipUpToCharset.m */,
				20082E911B0B8B240064DDA4 /* NSTextView+SyntaxKit.h */,
				20082E921B0B8B240064DDA4 /* NSTextView+SyntaxKit.m */,
				20082E941B0B8B240064DDA4 /* SyntaxKit.h */,
				20082E951B0B8B240064DDA4 /* SyntaxKit.m */,
				20082E961B0B8B240064DDA4 /* TDBindings.h */,
				20082E971B0B8B240064DDA4 /* TDBindings.m */,
				20082E981B0B8B240064DDA4 /* UKHelperMacros.h */,
			);
			path = SyntaxKit;
			sourceTree = "<group>";
		};
		200CD8AB1B1A618800312847 /* KDEOutputView */ = {
			isa = PBXGroup;
			children = (
				200CD8B81B1A621A00312847 /* Commands */,
				200CD8AC1B1A618800312847 /* KDEOutputView.h */,
				200CD8AD1B1A618800312847 /* KDEOutputView.m */,
			);
			path = KDEOutputView;
			sourceTree = "<group>";
		};
		200CD8B81B1A621A00312847 /* Commands */ = {
			isa = PBXGroup;
			children = (
				200CD8B91B1A621A00312847 /* KDEOutputCommand.h */,
				200CD8BA1B1A621A00312847 /* KDEOutputCommand.m */,
				200CD8BB1B1A621A00312847 /* KDEOutputDrawSettings.h */,
				200CD8BC1B1A621A00312847 /* KDEOutputDrawSettings.m */,
				200CD8BD1B1A621A00312847 /* KDEOutputDrawTextCommand.h */,
				200CD8BE1B1A621A00312847 /* KDEOutputDrawTextCommand.m */,
				200CD8C21B1A640B00312847 /* KDEOutputDrawPathCommand.h */,
				200CD8C31B1A640B00312847 /* KDEOutputDrawPathCommand.m */,
				20F8ED3D1B1B455A00DA11C3 /* KDEOutputDrawImageCommand.h */,
				20F8ED3E1B1B455A00DA11C3 /* KDEOutputDrawImageCommand.m */,
			);
			path = Commands;
			sourceTree = "<group>";
		};
		203D567A1B0A55EE00A7779E = {
			isa = PBXGroup;
			children = (
				203D56A61B0A57BC00A7779E /* Python.framework */,
				203D56851B0A55EE00A7779E /* Py80 */,
				203D56991B0A55EE00A7779E /* Py80Tests */,
				203D56841B0A55EE00A7779E /* Products */,
			);
			sourceTree = "<group>";
		};
		203D56841B0A55EE00A7779E /* Products */ = {
			isa = PBXGroup;
			children = (
				203D56831B0A55EE00A7779E /* Py80.app */,
				203D56961B0A55EE00A7779E /* Py80Tests.xctest */,
			);
			name = Products;
			sourceTree = "<group>";
		};
		203D56851B0A55EE00A7779E /* Py80 */ = {
			isa = PBXGroup;
			children = (
				203D56AC1B0A612100A7779E /* Resources */,
				203D56A81B0A610D00A7779E /* Source */,
				203D568D1B0A55EE00A7779E /* Images.xcassets */,
				203D568F1B0A55EE00A7779E /* MainMenu.xib */,
				203D56861B0A55EE00A7779E /* Supporting Files */,
				20F58F5A1B1F6E26003E984C /* KDEProfilerViewController.xib */,
				20F4A51D1B20A690000BCECF /* Preferences.xib */,
			);
			path = Py80;
			sourceTree = "<group>";
		};
		203D56861B0A55EE00A7779E /* Supporting Files */ = {
			isa = PBXGroup;
			children = (
				203D56871B0A55EE00A7779E /* Info.plist */,
				203D568B1B0A55EE00A7779E /* main.m */,
				20082EB11B0B8D570064DDA4 /* Py80.pch */,
			);
			name = "Supporting Files";
			sourceTree = "<group>";
		};
		203D56991B0A55EE00A7779E /* Py80Tests */ = {
			isa = PBXGroup;
			children = (
				203D569C1B0A55EE00A7779E /* Py80Tests.m */,
				203D569A1B0A55EE00A7779E /* Supporting Files */,
				20FAC2A41B24F072000B550D /* KDETokenizerTests.m */,
			);
			path = Py80Tests;
			sourceTree = "<group>";
		};
		203D569A1B0A55EE00A7779E /* Supporting Files */ = {
			isa = PBXGroup;
			children = (
				203D569B1B0A55EE00A7779E /* Info.plist */,
			);
			name = "Supporting Files";
			sourceTree = "<group>";
		};
		203D56A81B0A610D00A7779E /* Source */ = {
			isa = PBXGroup;
			children = (
				20FAC29D1B24E2C0000B550D /* Tokenizer */,
				20F4A52B1B20AEB8000BCECF /* Preferences */,
				203D56A91B0A610D00A7779E /* AppDelegate.h */,
				201551231B0E168B00A008F4 /* KDEDocumentTracker.h */,
				208D43131B168B380004898F /* VKConsts.h */,
				203D56AA1B0A610D00A7779E /* AppDelegate.m */,
				201551241B0E168B00A008F4 /* KDEDocumentTracker.m */,
				208D43091B1646BF0004898F /* Controllers */,
				20A6E9811B0FD886005658C3 /* Python */,
				20082E801B0B8B240064DDA4 /* SyntaxKit */,
				20F84EA41B18C427002D8116 /* Utils */,
				20F13AC71B0AD45F00C30D2A /* Views */,
				20F8ED3A1B1B3F9F00DA11C3 /* KDEImageStore.h */,
				20F8ED3B1B1B3F9F00DA11C3 /* KDEImageStore.m */,
			);
			path = Source;
			sourceTree = "<group>";
		};
		203D56AC1B0A612100A7779E /* Resources */ = {
			isa = PBXGroup;
			children = (
				20F4A53A1B210935000BCECF /* Themes */,
				208808181B150944003AA9DE /* py80 */,
				208808161B14FBBD003AA9DE /* jedi */,
				20082EB41B0B91CA0064DDA4 /* Syntax Definitions */,
				20082EA91B0B8B310064DDA4 /* SyntaxColorDefaults.plist */,
				203D56AD1B0A649D00A7779E /* KDEPythonLoader.py */,
				203D56B21B0A716000A7779E /* Default.py */,
			);
			path = Resources;
			sourceTree = "<group>";
		};
		208D43091B1646BF0004898F /* Controllers */ = {
			isa = PBXGroup;
			children = (
				208D430A1B1646D80004898F /* KDECompletionWindowController.h */,
				208D430B1B1646D80004898F /* KDECompletionWindowController.m */,
				20F58F5D1B1F6E41003E984C /* KDEProfilerViewController.h */,
				20F58F5E1B1F6E41003E984C /* KDEProfilerViewController.m */,
				20F58F601B1F7150003E984C /* KDEMainViewController.h */,
				20F58F611B1F7150003E984C /* KDEMainViewController.m */,
				20F4A5201B20A847000BCECF /* KDEPreferencesWindowController.h */,
				20F4A5211B20A847000BCECF /* KDEPreferencesWindowController.m */,
				20F4A5231B20AB33000BCECF /* KDEPreferencesGeneralViewController.h */,
				20F4A5241B20AB33000BCECF /* KDEPreferencesGeneralViewController.m */,
				20F4A5261B20AB49000BCECF /* KDEPreferencesThemeViewController.h */,
				20F4A5271B20AB49000BCECF /* KDEPreferencesThemeViewController.m */,
				20F9C3021B21DF0F00694678 /* KDEConsoleViewController.h */,
				20F9C3031B21DF0F00694678 /* KDEConsoleViewController.m */,
				20F9C3051B21E1AC00694678 /* KDEConsoleLog.h */,
				20F9C3061B21E1AC00694678 /* KDEConsoleLog.m */,
			);
			path = Controllers;
			sourceTree = "<group>";
		};
		20A6E9811B0FD886005658C3 /* Python */ = {
			isa = PBXGroup;
			children = (
				20A6E9881B0FD9C8005658C3 /* KDEExceptionFormatter.h */,
				20A6E9891B0FD9C8005658C3 /* KDEExceptionFormatter.m */,
				20A6E9821B0FD886005658C3 /* KDEPy80Context.h */,
				20A6E9831B0FD886005658C3 /* KDEPy80Context.m */,
				208D43061B1635200004898F /* KDEPyCallSignature.h */,
				208D43071B1635200004898F /* KDEPyCallSignature.m */,
				208D43031B162CB80004898F /* KDEPyCompletion.h */,
				208D43041B162CB80004898F /* KDEPyCompletion.m */,
				20A6E9841B0FD886005658C3 /* KDEPython.h */,
				20A6E9851B0FD886005658C3 /* KDEPython.m */,
				20F84EA01B18C3F1002D8116 /* NSCharacterSet+PythonSets.h */,
				20F84E9F1B18C3F1002D8116 /* NSCharacterSet+PythonSets.m */,
				20F84EA11B18C3F1002D8116 /* NSString+PythonRangeUtils.h */,
				20F84E9E1B18C3F1002D8116 /* NSString+PythonRangeUtils.m */,
				20E00E611B1D194600B94595 /* KDEPyException.h */,
				20E00E621B1D194600B94595 /* KDEPyException.m */,
				20F58F541B1F5E23003E984C /* KDEPyProfilerStat.h */,
				20F58F551B1F5E23003E984C /* KDEPyProfilerStat.m */,
				20F9B8391B26021300DBBD4C /* KDEPyTokenizer.h */,
				20F9B83A1B26021300DBBD4C /* KDEPyTokenizer.m */,
			);
			path = Python;
			sourceTree = "<group>";
		};
		20F13AC71B0AD45F00C30D2A /* Views */ = {
			isa = PBXGroup;
			children = (
				200CD8AB1B1A618800312847 /* KDEOutputView */,
				20082E791B0B6F540064DDA4 /* TAAdaptiveSpaceItem */,
				20A6E97E1B0FC128005658C3 /* KDEExceptionView.h */,
				20A6E97F1B0FC128005658C3 /* KDEExceptionView.m */,
				208D430D1B1668B70004898F /* KDEWindow.h */,
				208D430E1B1668B70004898F /* KDEWindow.m */,
				208D43101B1688240004898F /* KDETextView.h */,
				208D43111B1688240004898F /* KDETextView.m */,
				200B7C511B178765005D64B1 /* KDETypeTableCellView.h */,
				200B7C521B178765005D64B1 /* KDETypeTableCellView.m */,
				20F160A01B1790DC00398B70 /* KDECompletionTableRowView.h */,
				20F160A11B1790DC00398B70 /* KDECompletionTableRowView.m */,
				20F160A31B17938800398B70 /* KDECompletionTableCellView.h */,
				20F160A41B17938800398B70 /* KDECompletionTableCellView.m */,
			);
			path = Views;
			sourceTree = "<group>";
		};
		20F4A52B1B20AEB8000BCECF /* Preferences */ = {
			isa = PBXGroup;
			children = (
				20F4A52F1B20AF49000BCECF /* KDETheme.h */,
				20F4A5301B20AF49000BCECF /* KDETheme.m */,
				20F4A5321B20AF53000BCECF /* KDEThemeItem.h */,
				20F4A5331B20AF53000BCECF /* KDEThemeItem.m */,
				20F4A5371B20EF08000BCECF /* KDEPy80Preferences.h */,
				20F4A5381B20EF08000BCECF /* KDEPy80Preferences.m */,
			);
			path = Preferences;
			sourceTree = "<group>";
		};
		20F84EA41B18C427002D8116 /* Utils */ = {
			isa = PBXGroup;
			children = (
				20F84EA51B18C427002D8116 /* NSString+CursorPosition.h */,
				20F84EA61B18C427002D8116 /* NSString+CursorPosition.m */,
				20F84EA71B18C427002D8116 /* NSString+RangeUtils.h */,
				20F84EA81B18C427002D8116 /* NSString+RangeUtils.m */,
				20F9B8361B25E94E00DBBD4C /* KDETimer.h */,
				20F9B8371B25E94E00DBBD4C /* KDETimer.m */,
			);
			path = Utils;
			sourceTree = "<group>";
		};
		20FAC29D1B24E2C0000B550D /* Tokenizer */ = {
			isa = PBXGroup;
			children = (
				20FAC29E1B24E2EB000B550D /* KDETokenizer.h */,
				20FAC29F1B24E2EB000B550D /* KDETokenizer.m */,
				20FAC2A11B24E84F000B550D /* KDEToken.h */,
				20FAC2A21B24E84F000B550D /* KDEToken.m */,
				20F9B8331B25DF0F00DBBD4C /* KDETokenizePhase.h */,
				20F9B8341B25DF0F00DBBD4C /* KDETokenizePhase.m */,
			);
			path = Tokenizer;
			sourceTree = "<group>";
		};
/* End PBXGroup section */

/* Begin PBXNativeTarget section */
		203D56821B0A55EE00A7779E /* Py80 */ = {
			isa = PBXNativeTarget;
			buildConfigurationList = 203D56A01B0A55EE00A7779E /* Build configuration list for PBXNativeTarget "Py80" */;
			buildPhases = (
				203D567F1B0A55EE00A7779E /* Sources */,
				203D56801B0A55EE00A7779E /* Frameworks */,
				203D56811B0A55EE00A7779E /* Resources */,
				208D43021B15FFAE0004898F /* ShellScript */,
			);
			buildRules = (
			);
			dependencies = (
			);
			name = Py80;
			productName = Py80;
			productReference = 203D56831B0A55EE00A7779E /* Py80.app */;
			productType = "com.apple.product-type.application";
		};
		203D56951B0A55EE00A7779E /* Py80Tests */ = {
			isa = PBXNativeTarget;
			buildConfigurationList = 203D56A31B0A55EE00A7779E /* Build configuration list for PBXNativeTarget "Py80Tests" */;
			buildPhases = (
				203D56921B0A55EE00A7779E /* Sources */,
				203D56931B0A55EE00A7779E /* Frameworks */,
				203D56941B0A55EE00A7779E /* Resources */,
			);
			buildRules = (
			);
			dependencies = (
				203D56981B0A55EE00A7779E /* PBXTargetDependency */,
			);
			name = Py80Tests;
			productName = Py80Tests;
			productReference = 203D56961B0A55EE00A7779E /* Py80Tests.xctest */;
			productType = "com.apple.product-type.bundle.unit-test";
		};
/* End PBXNativeTarget section */

/* Begin PBXProject section */
		203D567B1B0A55EE00A7779E /* Project object */ = {
			isa = PBXProject;
			attributes = {
				LastUpgradeCheck = 0630;
				ORGANIZATIONNAME = kode80;
				TargetAttributes = {
					203D56821B0A55EE00A7779E = {
						CreatedOnToolsVersion = 6.3.1;
						DevelopmentTeam = W9P2VKBD89;
					};
					203D56951B0A55EE00A7779E = {
						CreatedOnToolsVersion = 6.3.1;
						TestTargetID = 203D56821B0A55EE00A7779E;
					};
				};
			};
			buildConfigurationList = 203D567E1B0A55EE00A7779E /* Build configuration list for PBXProject "Py80" */;
			compatibilityVersion = "Xcode 3.2";
			developmentRegion = English;
			hasScannedForEncodings = 0;
			knownRegions = (
				en,
				Base,
			);
			mainGroup = 203D567A1B0A55EE00A7779E;
			productRefGroup = 203D56841B0A55EE00A7779E /* Products */;
			projectDirPath = "";
			projectRoot = "";
			targets = (
				203D56821B0A55EE00A7779E /* Py80 */,
				203D56951B0A55EE00A7779E /* Py80Tests */,
			);
		};
/* End PBXProject section */

/* Begin PBXResourcesBuildPhase section */
		203D56811B0A55EE00A7779E /* Resources */ = {
			isa = PBXResourcesBuildPhase;
			buildActionMask = 2147483647;
			files = (
				203D56AE1B0A649D00A7779E /* KDEPythonLoader.py in Resources */,
				203D568E1B0A55EE00A7779E /* Images.xcassets in Resources */,
				20F58F5C1B1F6E26003E984C /* KDEProfilerViewController.xib in Resources */,
				20082EAF1B0B8B310064DDA4 /* SyntaxColorDefaults.plist in Resources */,
				20F4A53B1B210935000BCECF /* Themes in Resources */,
				20082EB51B0B91CA0064DDA4 /* Syntax Definitions in Resources */,
				208808171B14FBBD003AA9DE /* jedi in Resources */,
				208808191B150944003AA9DE /* py80 in Resources */,
				20F4A51F1B20A690000BCECF /* Preferences.xib in Resources */,
				203D56B31B0A716000A7779E /* Default.py in Resources */,
				203D56911B0A55EE00A7779E /* MainMenu.xib in Resources */,
			);
			runOnlyForDeploymentPostprocessing = 0;
		};
		203D56941B0A55EE00A7779E /* Resources */ = {
			isa = PBXResourcesBuildPhase;
			buildActionMask = 2147483647;
			files = (
			);
			runOnlyForDeploymentPostprocessing = 0;
		};
/* End PBXResourcesBuildPhase section */

/* Begin PBXShellScriptBuildPhase section */
		208D43021B15FFAE0004898F /* ShellScript */ = {
			isa = PBXShellScriptBuildPhase;
			buildActionMask = 2147483647;
			files = (
			);
			inputPaths = (
			);
			outputPaths = (
			);
			runOnlyForDeploymentPostprocessing = 0;
			shellPath = /bin/sh;
			shellScript = "#\n# Set the build number to the current git commit count.\n# If we're using the Dev scheme, then we'll suffix the build\n# number with the current branch name, to make collisions\n# far less likely across feature branches.\n# Based on: http://w3facility.info/question/how-do-i-force-xcode-to-rebuild-the-info-plist-file-in-my-project-every-time-i-build-the-project/\n#\ngit=`sh /etc/profile; which git`\nappBuild=`\"$git\" rev-list --all |wc -l`\nif [ $CONFIGURATION = \"Debug\" ]; then\nbranchName=`\"$git\" rev-parse --abbrev-ref HEAD`\n/usr/libexec/PlistBuddy -c \"Set :CFBundleVersion $appBuild-$branchName\" \"${TARGET_BUILD_DIR}/${INFOPLIST_PATH}\"\nelse\n/usr/libexec/PlistBuddy -c \"Set :CFBundleVersion $appBuild\" \"${TARGET_BUILD_DIR}/${INFOPLIST_PATH}\"\nfi\necho \"Updated ${TARGET_BUILD_DIR}/${INFOPLIST_PATH}\"";
		};
/* End PBXShellScriptBuildPhase section */

/* Begin PBXSourcesBuildPhase section */
		203D567F1B0A55EE00A7779E /* Sources */ = {
			isa = PBXSourcesBuildPhase;
			buildActionMask = 2147483647;
			files = (
				20F4A5391B20EF08000BCECF /* KDEPy80Preferences.m in Sources */,
				20A6E9871B0FD886005658C3 /* KDEPython.m in Sources */,
				200CD8C41B1A640B00312847 /* KDEOutputDrawPathCommand.m in Sources */,
				20F9C3071B21E1AC00694678 /* KDEConsoleLog.m in Sources */,
				208D43051B162CB80004898F /* KDEPyCompletion.m in Sources */,
				20082E9C1B0B8B240064DDA4 /* ASKSyntax.m in Sources */,
				20082E9A1B0B8B240064DDA4 /* ASKLineNumberView.m in Sources */,
				20F9B8381B25E94E00DBBD4C /* KDETimer.m in Sources */,
				20082EA31B0B8B240064DDA4 /* TDBindings.m in Sources */,
				20F8ED3F1B1B455A00DA11C3 /* KDEOutputDrawImageCommand.m in Sources */,
				20E00E631B1D194600B94595 /* KDEPyException.m in Sources */,
				20F9B83B1B26021300DBBD4C /* KDEPyTokenizer.m in Sources */,
				20FAC2A01B24E2EB000B550D /* KDETokenizer.m in Sources */,
				20082EA01B0B8B240064DDA4 /* NSScanner+SkipUpToCharset.m in Sources */,
				203D568C1B0A55EE00A7779E /* main.m in Sources */,
				20F4A5311B20AF49000BCECF /* KDETheme.m in Sources */,
				20F4A5221B20A847000BCECF /* KDEPreferencesWindowController.m in Sources */,
				200CD8BF1B1A621A00312847 /* KDEOutputCommand.m in Sources */,
				20F160A51B17938800398B70 /* KDECompletionTableCellView.m in Sources */,
				20F9B8351B25DF0F00DBBD4C /* KDETokenizePhase.m in Sources */,
				20082E9F1B0B8B240064DDA4 /* NSArray+Color.m in Sources */,
				20F84EA91B18C427002D8116 /* NSString+CursorPosition.m in Sources */,
				20F84EA31B18C3F1002D8116 /* NSCharacterSet+PythonSets.m in Sources */,
				208D430F1B1668B70004898F /* KDEWindow.m in Sources */,
				20FAC2A31B24E84F000B550D /* KDEToken.m in Sources */,
				20082E991B0B8B240064DDA4 /* ASKLineNumberMarker.m in Sources */,
				200CD8C01B1A621A00312847 /* KDEOutputDrawSettings.m in Sources */,
				20082E7E1B0B6F540064DDA4 /* TAAdaptiveSpaceItem.m in Sources */,
				20082E9E1B0B8B240064DDA4 /* ASKTypesetter.m in Sources */,
				200CD8AE1B1A618800312847 /* KDEOutputView.m in Sources */,
				208D43081B1635200004898F /* KDEPyCallSignature.m in Sources */,
				208D430C1B1646D80004898F /* KDECompletionWindowController.m in Sources */,
				20F58F561B1F5E23003E984C /* KDEPyProfilerStat.m in Sources */,
				200CD8C11B1A621A00312847 /* KDEOutputDrawTextCommand.m in Sources */,
				203D56AB1B0A610D00A7779E /* AppDelegate.m in Sources */,
				20F4A5251B20AB33000BCECF /* KDEPreferencesGeneralViewController.m in Sources */,
				20F160A21B1790DC00398B70 /* KDECompletionTableRowView.m in Sources */,
				20F8ED3C1B1B3F9F00DA11C3 /* KDEImageStore.m in Sources */,
				20F84EAA1B18C427002D8116 /* NSString+RangeUtils.m in Sources */,
				208D43121B1688240004898F /* KDETextView.m in Sources */,
				20F58F631B1F7150003E984C /* KDEMainViewController.m in Sources */,
				20082E9B1B0B8B240064DDA4 /* ASKSyntax+syntaxForType.m in Sources */,
				20F4A5291B20AB49000BCECF /* KDEPreferencesThemeViewController.m in Sources */,
				20A6E98A1B0FD9C8005658C3 /* KDEExceptionFormatter.m in Sources */,
				20082EA11B0B8B240064DDA4 /* NSTextView+SyntaxKit.m in Sources */,
				20082E9D1B0B8B240064DDA4 /* ASKSyntaxViewController.m in Sources */,
				20F84EA21B18C3F1002D8116 /* NSString+PythonRangeUtils.m in Sources */,
				20F9C3041B21DF0F00694678 /* KDEConsoleViewController.m in Sources */,
				200B7C531B178765005D64B1 /* KDETypeTableCellView.m in Sources */,
				20A6E9801B0FC128005658C3 /* KDEExceptionView.m in Sources */,
				20082E7F1B0B6F540064DDA4 /* TAAdaptiveSpaceItemView.m in Sources */,
				20F58F5F1B1F6E41003E984C /* KDEProfilerViewController.m in Sources */,
				201551251B0E168B00A008F4 /* KDEDocumentTracker.m in Sources */,
				20082EA21B0B8B240064DDA4 /* SyntaxKit.m in Sources */,
				20A6E9861B0FD886005658C3 /* KDEPy80Context.m in Sources */,
				20F4A5341B20AF53000BCECF /* KDEThemeItem.m in Sources */,
			);
			runOnlyForDeploymentPostprocessing = 0;
		};
		203D56921B0A55EE00A7779E /* Sources */ = {
			isa = PBXSourcesBuildPhase;
			buildActionMask = 2147483647;
			files = (
				20FAC2A51B24F072000B550D /* KDETokenizerTests.m in Sources */,
				203D569D1B0A55EE00A7779E /* Py80Tests.m in Sources */,
			);
			runOnlyForDeploymentPostprocessing = 0;
		};
/* End PBXSourcesBuildPhase section */

/* Begin PBXTargetDependency section */
		203D56981B0A55EE00A7779E /* PBXTargetDependency */ = {
			isa = PBXTargetDependency;
			target = 203D56821B0A55EE00A7779E /* Py80 */;
			targetProxy = 203D56971B0A55EE00A7779E /* PBXContainerItemProxy */;
		};
/* End PBXTargetDependency section */

/* Begin PBXVariantGroup section */
		203D568F1B0A55EE00A7779E /* MainMenu.xib */ = {
			isa = PBXVariantGroup;
			children = (
				203D56901B0A55EE00A7779E /* Base */,
			);
			name = MainMenu.xib;
			sourceTree = "<group>";
		};
		20F4A51D1B20A690000BCECF /* Preferences.xib */ = {
			isa = PBXVariantGroup;
			children = (
				20F4A51E1B20A690000BCECF /* Base */,
			);
			name = Preferences.xib;
			sourceTree = "<group>";
		};
		20F58F5A1B1F6E26003E984C /* KDEProfilerViewController.xib */ = {
			isa = PBXVariantGroup;
			children = (
				20F58F5B1B1F6E26003E984C /* Base */,
			);
			name = KDEProfilerViewController.xib;
			sourceTree = "<group>";
		};
/* End PBXVariantGroup section */

/* Begin XCBuildConfiguration section */
		203D569E1B0A55EE00A7779E /* Debug */ = {
			isa = XCBuildConfiguration;
			buildSettings = {
				ALWAYS_SEARCH_USER_PATHS = NO;
				CLANG_CXX_LANGUAGE_STANDARD = "gnu++0x";
				CLANG_CXX_LIBRARY = "libc++";
				CLANG_ENABLE_MODULES = YES;
				CLANG_ENABLE_OBJC_ARC = YES;
				CLANG_WARN_BOOL_CONVERSION = YES;
				CLANG_WARN_CONSTANT_CONVERSION = YES;
				CLANG_WARN_DIRECT_OBJC_ISA_USAGE = YES_ERROR;
				CLANG_WARN_EMPTY_BODY = YES;
				CLANG_WARN_ENUM_CONVERSION = YES;
				CLANG_WARN_INT_CONVERSION = YES;
				CLANG_WARN_OBJC_ROOT_CLASS = YES_ERROR;
				CLANG_WARN_UNREACHABLE_CODE = YES;
				CLANG_WARN__DUPLICATE_METHOD_MATCH = YES;
				CODE_SIGN_IDENTITY = "-";
				COPY_PHASE_STRIP = NO;
				DEBUG_INFORMATION_FORMAT = dwarf;
				ENABLE_STRICT_OBJC_MSGSEND = YES;
				GCC_C_LANGUAGE_STANDARD = gnu99;
				GCC_DYNAMIC_NO_PIC = NO;
				GCC_NO_COMMON_BLOCKS = YES;
				GCC_OPTIMIZATION_LEVEL = 0;
				GCC_PREFIX_HEADER = Py80/Py80.pch;
				GCC_PREPROCESSOR_DEFINITIONS = (
					"DEBUG=1",
					"$(inherited)",
				);
				GCC_SYMBOLS_PRIVATE_EXTERN = NO;
				GCC_WARN_64_TO_32_BIT_CONVERSION = YES;
				GCC_WARN_ABOUT_RETURN_TYPE = YES_ERROR;
				GCC_WARN_UNDECLARED_SELECTOR = YES;
				GCC_WARN_UNINITIALIZED_AUTOS = YES_AGGRESSIVE;
				GCC_WARN_UNUSED_FUNCTION = YES;
				GCC_WARN_UNUSED_VARIABLE = YES;
				MACOSX_DEPLOYMENT_TARGET = 10.10;
				MTL_ENABLE_DEBUG_INFO = YES;
				ONLY_ACTIVE_ARCH = YES;
				SDKROOT = macosx;
			};
			name = Debug;
		};
		203D569F1B0A55EE00A7779E /* Release */ = {
			isa = XCBuildConfiguration;
			buildSettings = {
				ALWAYS_SEARCH_USER_PATHS = NO;
				CLANG_CXX_LANGUAGE_STANDARD = "gnu++0x";
				CLANG_CXX_LIBRARY = "libc++";
				CLANG_ENABLE_MODULES = YES;
				CLANG_ENABLE_OBJC_ARC = YES;
				CLANG_WARN_BOOL_CONVERSION = YES;
				CLANG_WARN_CONSTANT_CONVERSION = YES;
				CLANG_WARN_DIRECT_OBJC_ISA_USAGE = YES_ERROR;
				CLANG_WARN_EMPTY_BODY = YES;
				CLANG_WARN_ENUM_CONVERSION = YES;
				CLANG_WARN_INT_CONVERSION = YES;
				CLANG_WARN_OBJC_ROOT_CLASS = YES_ERROR;
				CLANG_WARN_UNREACHABLE_CODE = YES;
				CLANG_WARN__DUPLICATE_METHOD_MATCH = YES;
				CODE_SIGN_IDENTITY = "-";
				COPY_PHASE_STRIP = NO;
				DEBUG_INFORMATION_FORMAT = "dwarf-with-dsym";
				ENABLE_NS_ASSERTIONS = NO;
				ENABLE_STRICT_OBJC_MSGSEND = YES;
				GCC_C_LANGUAGE_STANDARD = gnu99;
				GCC_NO_COMMON_BLOCKS = YES;
				GCC_PREFIX_HEADER = Py80/Py80.pch;
				GCC_WARN_64_TO_32_BIT_CONVERSION = YES;
				GCC_WARN_ABOUT_RETURN_TYPE = YES_ERROR;
				GCC_WARN_UNDECLARED_SELECTOR = YES;
				GCC_WARN_UNINITIALIZED_AUTOS = YES_AGGRESSIVE;
				GCC_WARN_UNUSED_FUNCTION = YES;
				GCC_WARN_UNUSED_VARIABLE = YES;
				MACOSX_DEPLOYMENT_TARGET = 10.10;
				MTL_ENABLE_DEBUG_INFO = NO;
				SDKROOT = macosx;
			};
			name = Release;
		};
		203D56A11B0A55EE00A7779E /* Debug */ = {
			isa = XCBuildConfiguration;
			buildSettings = {
				ASSETCATALOG_COMPILER_APPICON_NAME = AppIcon;
				CODE_SIGN_IDENTITY = "Developer ID Application";
				COMBINE_HIDPI_IMAGES = YES;
				INFOPLIST_FILE = Py80/Info.plist;
				LD_RUNPATH_SEARCH_PATHS = "$(inherited) @executable_path/../Frameworks";
				PRODUCT_NAME = Py80;
			};
			name = Debug;
		};
		203D56A21B0A55EE00A7779E /* Release */ = {
			isa = XCBuildConfiguration;
			buildSettings = {
				ASSETCATALOG_COMPILER_APPICON_NAME = AppIcon;
				CODE_SIGN_IDENTITY = "Developer ID Application";
				COMBINE_HIDPI_IMAGES = YES;
				INFOPLIST_FILE = Py80/Info.plist;
				LD_RUNPATH_SEARCH_PATHS = "$(inherited) @executable_path/../Frameworks";
				PRODUCT_NAME = Py80;
			};
			name = Release;
		};
		203D56A41B0A55EE00A7779E /* Debug */ = {
			isa = XCBuildConfiguration;
			buildSettings = {
				BUNDLE_LOADER = "$(TEST_HOST)";
				COMBINE_HIDPI_IMAGES = YES;
				FRAMEWORK_SEARCH_PATHS = (
					"$(DEVELOPER_FRAMEWORKS_DIR)",
					"$(inherited)",
				);
				GCC_PREPROCESSOR_DEFINITIONS = (
					"DEBUG=1",
					"$(inherited)",
				);
				INFOPLIST_FILE = Py80Tests/Info.plist;
				LD_RUNPATH_SEARCH_PATHS = "$(inherited) @executable_path/../Frameworks @loader_path/../Frameworks";
				PRODUCT_NAME = Py80Tests;
				TEST_HOST = "$(BUILT_PRODUCTS_DIR)/Py80.app/Contents/MacOS/Py80";
			};
			name = Debug;
		};
		203D56A51B0A55EE00A7779E /* Release */ = {
			isa = XCBuildConfiguration;
			buildSettings = {
				BUNDLE_LOADER = "$(TEST_HOST)";
				COMBINE_HIDPI_IMAGES = YES;
				FRAMEWORK_SEARCH_PATHS = (
					"$(DEVELOPER_FRAMEWORKS_DIR)",
					"$(inherited)",
				);
				INFOPLIST_FILE = Py80Tests/Info.plist;
				LD_RUNPATH_SEARCH_PATHS = "$(inherited) @executable_path/../Frameworks @loader_path/../Frameworks";
				PRODUCT_NAME = Py80Tests;
				TEST_HOST = "$(BUILT_PRODUCTS_DIR)/Py80.app/Contents/MacOS/Py80";
			};
			name = Release;
		};
/* End XCBuildConfiguration section */

/* Begin XCConfigurationList section */
		203D567E1B0A55EE00A7779E /* Build configuration list for PBXProject "Py80" */ = {
			isa = XCConfigurationList;
			buildConfigurations = (
				203D569E1B0A55EE00A7779E /* Debug */,
				203D569F1B0A55EE00A7779E /* Release */,
			);
			defaultConfigurationIsVisible = 0;
			defaultConfigurationName = Release;
		};
		203D56A01B0A55EE00A7779E /* Build configuration list for PBXNativeTarget "Py80" */ = {
			isa = XCConfigurationList;
			buildConfigurations = (
				203D56A11B0A55EE00A7779E /* Debug */,
				203D56A21B0A55EE00A7779E /* Release */,
			);
			defaultConfigurationIsVisible = 0;
			defaultConfigurationName = Release;
		};
		203D56A31B0A55EE00A7779E /* Build configuration list for PBXNativeTarget "Py80Tests" */ = {
			isa = XCConfigurationList;
			buildConfigurations = (
				203D56A41B0A55EE00A7779E /* Debug */,
				203D56A51B0A55EE00A7779E /* Release */,
			);
			defaultConfigurationIsVisible = 0;
			defaultConfigurationName = Release;
		};
/* End XCConfigurationList section */
	};
	rootObject = 203D567B1B0A55EE00A7779E /* Project object */;
}
